
Microsoft Visual Studio Solution File, Format Version 12.00
# Visual Studio Version 17
VisualStudioVersion = 17.14.37203.1 d17.14
MinimumVisualStudioVersion = 10.0.40219.1
Project("{FAE04EC0-301F-11D3-BF4B-00C04F79EFBC}") = "TeeCraft.API", "..\TeeCraft\TeeCraft.API\TeeCraft.API.csproj", "{6DAA8C27-E4AF-4CAB-9412-7E899DD9F4D1}"
EndProject
Global
	GlobalSection(SolutionConfigurationPlatforms) = preSolution
		Debug|Any CPU = Debug|Any CPU
		Release|Any CPU = Release|Any CPU
	EndGlobalSection
	GlobalSection(ProjectConfigurationPlatforms) = postSolution
		{6DAA8C27-E4AF-4CAB-9412-7E899DD9F4D1}.Debug|Any CPU.ActiveCfg = Debug|Any CPU
		{6DAA8C27-E4AF-4CAB-9412-7E899DD9F4D1}.Debug|Any CPU.Build.0 = Debug|Any CPU
		{6DAA8C27-E4AF-4CAB-9412-7E899DD9F4D1}.Release|Any CPU.ActiveCfg = Release|Any CPU
		{6DAA8C27-E4AF-4CAB-9412-7E899DD9F4D1}.Release|Any CPU.Build.0 = Release|Any CPU
	EndGlobalSection
	GlobalSection(SolutionProperties) = preSolution
		HideSolutionNode = FALSE
	EndGlobalSection
	GlobalSection(ExtensibilityGlobals) = postSolution
		SolutionGuid = {3AA7A55B-03F8-4A91-B583-BD474C16A76B}
	EndGlobalSection
EndGlobal
